Å<Solution>
  <Configurations>
    <Platform Name="x64" />
    <Platform Name="x86" />
  </Configurations>
  <Project Path="Project.vcxproj" Id="effcccb0-f6cd-4164-8ff3-77fe53a57d46" />
</Solution>
Å"(14be46b823ca25b13a8b5916a1ce8fecba836b8a2/file:///home/imad/Documents/Coding/Project.slnx:"file:///home/imad/Documents/Coding